
Microsoft Visual Studio Solution File, Format Version 12.00
# Visual Studio 15
VisualStudioVersion = 15.0.28010.0
MinimumVisualStudioVersion = 10.0.40219.1
Project("{FAE04EC0-301F-11D3-BF4B-00C04F79EFBC}") = "SfileHelper", "SfileHelper\SfileHelper.csproj", "{C2F1E36B-7B9A-45C0-B24D-914C5FB519F9}"
EndProject
Project("{2150E333-8FDC-42A3-9474-1A3956D46DE8}") = "Solution Items", "Solution Items", "{7AC21DD9-C73F-4816-ABAB-4430025661D2}"
EndProject
Project("{2150E333-8FDC-42A3-9474-1A3956D46DE8}") = "images", "images", "{97F17A96-E88C-4892-93B4-B9D3DDCCBB6A}"
	ProjectSection(SolutionItems) = preProject
		SfileHelper\images\help.JPG = SfileHelper\images\help.JPG
		SfileHelper\assets\icon.png = SfileHelper\assets\icon.png
		SfileHelper\images\me.png = SfileHelper\images\me.png
	EndProjectSection
EndProject
Global
	GlobalSection(SolutionConfigurationPlatforms) = preSolution
		Debug|Any CPU = Debug|Any CPU
		Release|Any CPU = Release|Any CPU
	EndGlobalSection
	GlobalSection(ProjectConfigurationPlatforms) = postSolution
		{C2F1E36B-7B9A-45C0-B24D-914C5FB519F9}.Debug|Any CPU.ActiveCfg = Debug|Any CPU
		{C2F1E36B-7B9A-45C0-B24D-914C5FB519F9}.Debug|Any CPU.Build.0 = Debug|Any CPU
		{C2F1E36B-7B9A-45C0-B24D-914C5FB519F9}.Release|Any CPU.ActiveCfg = Release|Any CPU
		{C2F1E36B-7B9A-45C0-B24D-914C5FB519F9}.Release|Any CPU.Build.0 = Release|Any CPU
	EndGlobalSection
	GlobalSection(SolutionProperties) = preSolution
		HideSolutionNode = FALSE
	EndGlobalSection
	GlobalSection(ExtensibilityGlobals) = postSolution
		SolutionGuid = {38A360E1-46A8-4F67-AE43-CE9EDDDA8369}
	EndGlobalSection
EndGlobal
